
Microsoft Visual Studio Solution File, Format Version 12.00
# Visual Studio Version 16
VisualStudioVersion = 16.0.31624.102
MinimumVisualStudioVersion = 10.0.40219.1
Project("{9A19103F-16F7-4668-BE54-9A1E7A4F7556}") = "Writter-Kata", "Writter-Kata\Writter-Kata.csproj", "{34C15AB5-D4F0-4CB9-899E-E3E4F82053A1}"
EndProject
Project("{FAE04EC0-301F-11D3-BF4B-00C04F79EFBC}") = "Writter-Tests", "Writter-Tests\Writter-Tests.csproj", "{5EF91659-CA0A-42FC-8265-B9068499875D}"
EndProject
Global
	GlobalSection(SolutionConfigurationPlatforms) = preSolution
		Debug|Any CPU = Debug|Any CPU
		Release|Any CPU = Release|Any CPU
	EndGlobalSection
	GlobalSection(ProjectConfigurationPlatforms) = postSolution
		{34C15AB5-D4F0-4CB9-899E-E3E4F82053A1}.Debug|Any CPU.ActiveCfg = Debug|Any CPU
		{34C15AB5-D4F0-4CB9-899E-E3E4F82053A1}.Debug|Any CPU.Build.0 = Debug|Any CPU
		{34C15AB5-D4F0-4CB9-899E-E3E4F82053A1}.Release|Any CPU.ActiveCfg = Release|Any CPU
		{34C15AB5-D4F0-4CB9-899E-E3E4F82053A1}.Release|Any CPU.Build.0 = Release|Any CPU
		{5EF91659-CA0A-42FC-8265-B9068499875D}.Debug|Any CPU.ActiveCfg = Debug|Any CPU
		{5EF91659-CA0A-42FC-8265-B9068499875D}.Debug|Any CPU.Build.0 = Debug|Any CPU
		{5EF91659-CA0A-42FC-8265-B9068499875D}.Release|Any CPU.ActiveCfg = Release|Any CPU
		{5EF91659-CA0A-42FC-8265-B9068499875D}.Release|Any CPU.Build.0 = Release|Any CPU
	EndGlobalSection
	GlobalSection(SolutionProperties) = preSolution
		HideSolutionNode = FALSE
	EndGlobalSection
	GlobalSection(ExtensibilityGlobals) = postSolution
		SolutionGuid = {51509D8B-F5D7-462C-9992-D10E0CCDB6EF}
	EndGlobalSection
EndGlobal
